
Microsoft Visual Studio Solution File, Format Version 12.00
Project("{FAE04EC0-301F-11D3-BF4B-00C04F79EFBC}") = "Receipt.API", "Receipt.API\Receipt.API.csproj", "{574BBF02-E216-4402-BCAD-C227B4A549D2}"
EndProject
Project("{FAE04EC0-301F-11D3-BF4B-00C04F79EFBC}") = "Receipt.API.DTOs", "Receipt.API.DTOs\Receipt.API.DTOs.csproj", "{1F8419DA-F573-4683-9721-0B7FFD21D651}"
EndProject
Project("{FAE04EC0-301F-11D3-BF4B-00C04F79EFBC}") = "Receipt.Models", "Receipt.Models\Receipt.Models.csproj", "{BCEDE2CF-7849-4227-ABB9-CA9EC6327078}"
EndProject
Project("{FAE04EC0-301F-11D3-BF4B-00C04F79EFBC}") = "Receipt.Models.Storage", "Receipt.Models.Storage\Receipt.Models.Storage.csproj", "{778C55E7-4E6F-424A-818F-2DC6054220E7}"
EndProject
Project("{FAE04EC0-301F-11D3-BF4B-00C04F79EFBC}") = "Receipt.Models.Storage.Tests", "Receipt.Models.Storage.Tests\Receipt.Models.Storage.Tests.csproj", "{698F6105-85A8-4897-9896-EDDD6E978E2D}"
EndProject
Project("{FAE04EC0-301F-11D3-BF4B-00C04F79EFBC}") = "Receipt.API.Logic", "Receipt.API.Logic\Receipt.API.Logic.csproj", "{EB5120E7-0A1F-4745-98E5-E8E9FF640964}"
EndProject
Project("{FAE04EC0-301F-11D3-BF4B-00C04F79EFBC}") = "Receipt.API.DTOs.Validators", "Receipt.API.DTOs.Validators\Receipt.API.DTOs.Validators.csproj", "{6B8D9D7D-01EA-4032-AA1D-0219E04C71E5}"
EndProject
Project("{FAE04EC0-301F-11D3-BF4B-00C04F79EFBC}") = "Receipt.API.DTOs.Validators.Tests", "Receipt.API.DTOs.Validators.Tests\Receipt.API.DTOs.Validators.Tests.csproj", "{2C015007-2191-4963-9C2D-A55BBBA223AB}"
EndProject
Project("{FAE04EC0-301F-11D3-BF4B-00C04F79EFBC}") = "Receipt.API.Logic.Tests", "Receipt.API.Logic.Tests\Receipt.API.Logic.Tests.csproj", "{9B06AE7E-A24F-4C73-9BA9-4EA9B3ED3C4C}"
EndProject
Project("{FAE04EC0-301F-11D3-BF4B-00C04F79EFBC}") = "Receipt.API.Tests", "Receipt.API.Tests\Receipt.API.Tests.csproj", "{A2A4EFCF-B803-4073-89A2-E6BBBBE7C709}"
EndProject
Global
	GlobalSection(SolutionConfigurationPlatforms) = preSolution
		Debug|Any CPU = Debug|Any CPU
		Release|Any CPU = Release|Any CPU
	EndGlobalSection
	GlobalSection(ProjectConfigurationPlatforms) = postSolution
		{574BBF02-E216-4402-BCAD-C227B4A549D2}.Debug|Any CPU.ActiveCfg = Debug|Any CPU
		{574BBF02-E216-4402-BCAD-C227B4A549D2}.Debug|Any CPU.Build.0 = Debug|Any CPU
		{574BBF02-E216-4402-BCAD-C227B4A549D2}.Release|Any CPU.ActiveCfg = Release|Any CPU
		{574BBF02-E216-4402-BCAD-C227B4A549D2}.Release|Any CPU.Build.0 = Release|Any CPU
		{1F8419DA-F573-4683-9721-0B7FFD21D651}.Debug|Any CPU.ActiveCfg = Debug|Any CPU
		{1F8419DA-F573-4683-9721-0B7FFD21D651}.Debug|Any CPU.Build.0 = Debug|Any CPU
		{1F8419DA-F573-4683-9721-0B7FFD21D651}.Release|Any CPU.ActiveCfg = Release|Any CPU
		{1F8419DA-F573-4683-9721-0B7FFD21D651}.Release|Any CPU.Build.0 = Release|Any CPU
		{BCEDE2CF-7849-4227-ABB9-CA9EC6327078}.Debug|Any CPU.ActiveCfg = Debug|Any CPU
		{BCEDE2CF-7849-4227-ABB9-CA9EC6327078}.Debug|Any CPU.Build.0 = Debug|Any CPU
		{BCEDE2CF-7849-4227-ABB9-CA9EC6327078}.Release|Any CPU.ActiveCfg = Release|Any CPU
		{BCEDE2CF-7849-4227-ABB9-CA9EC6327078}.Release|Any CPU.Build.0 = Release|Any CPU
		{778C55E7-4E6F-424A-818F-2DC6054220E7}.Debug|Any CPU.ActiveCfg = Debug|Any CPU
		{778C55E7-4E6F-424A-818F-2DC6054220E7}.Debug|Any CPU.Build.0 = Debug|Any CPU
		{778C55E7-4E6F-424A-818F-2DC6054220E7}.Release|Any CPU.ActiveCfg = Release|Any CPU
		{778C55E7-4E6F-424A-818F-2DC6054220E7}.Release|Any CPU.Build.0 = Release|Any CPU
		{698F6105-85A8-4897-9896-EDDD6E978E2D}.Debug|Any CPU.ActiveCfg = Debug|Any CPU
		{698F6105-85A8-4897-9896-EDDD6E978E2D}.Debug|Any CPU.Build.0 = Debug|Any CPU
		{698F6105-85A8-4897-9896-EDDD6E978E2D}.Release|Any CPU.ActiveCfg = Release|Any CPU
		{698F6105-85A8-4897-9896-EDDD6E978E2D}.Release|Any CPU.Build.0 = Release|Any CPU
		{EB5120E7-0A1F-4745-98E5-E8E9FF640964}.Debug|Any CPU.ActiveCfg = Debug|Any CPU
		{EB5120E7-0A1F-4745-98E5-E8E9FF640964}.Debug|Any CPU.Build.0 = Debug|Any CPU
		{EB5120E7-0A1F-4745-98E5-E8E9FF640964}.Release|Any CPU.ActiveCfg = Release|Any CPU
		{EB5120E7-0A1F-4745-98E5-E8E9FF640964}.Release|Any CPU.Build.0 = Release|Any CPU
		{6B8D9D7D-01EA-4032-AA1D-0219E04C71E5}.Debug|Any CPU.ActiveCfg = Debug|Any CPU
		{6B8D9D7D-01EA-4032-AA1D-0219E04C71E5}.Debug|Any CPU.Build.0 = Debug|Any CPU
		{6B8D9D7D-01EA-4032-AA1D-0219E04C71E5}.Release|Any CPU.ActiveCfg = Release|Any CPU
		{6B8D9D7D-01EA-4032-AA1D-0219E04C71E5}.Release|Any CPU.Build.0 = Release|Any CPU
		{2C015007-2191-4963-9C2D-A55BBBA223AB}.Debug|Any CPU.ActiveCfg = Debug|Any CPU
		{2C015007-2191-4963-9C2D-A55BBBA223AB}.Debug|Any CPU.Build.0 = Debug|Any CPU
		{2C015007-2191-4963-9C2D-A55BBBA223AB}.Release|Any CPU.ActiveCfg = Release|Any CPU
		{2C015007-2191-4963-9C2D-A55BBBA223AB}.Release|Any CPU.Build.0 = Release|Any CPU
		{9B06AE7E-A24F-4C73-9BA9-4EA9B3ED3C4C}.Debug|Any CPU.ActiveCfg = Debug|Any CPU
		{9B06AE7E-A24F-4C73-9BA9-4EA9B3ED3C4C}.Debug|Any CPU.Build.0 = Debug|Any CPU
		{9B06AE7E-A24F-4C73-9BA9-4EA9B3ED3C4C}.Release|Any CPU.ActiveCfg = Release|Any CPU
		{9B06AE7E-A24F-4C73-9BA9-4EA9B3ED3C4C}.Release|Any CPU.Build.0 = Release|Any CPU
		{A2A4EFCF-B803-4073-89A2-E6BBBBE7C709}.Debug|Any CPU.ActiveCfg = Debug|Any CPU
		{A2A4EFCF-B803-4073-89A2-E6BBBBE7C709}.Debug|Any CPU.Build.0 = Debug|Any CPU
		{A2A4EFCF-B803-4073-89A2-E6BBBBE7C709}.Release|Any CPU.ActiveCfg = Release|Any CPU
		{A2A4EFCF-B803-4073-89A2-E6BBBBE7C709}.Release|Any CPU.Build.0 = Release|Any CPU
	EndGlobalSection
EndGlobal
